
Microsoft Visual Studio Solution File, Format Version 12.00
# Visual Studio Version 17
VisualStudioVersion = 17.0.31521.260
MinimumVisualStudioVersion = 10.0.40219.1
Project("{8BC9CEB8-8B4A-11D0-8D11-00A0C91BC942}") = "BotLib", "BotLib\TestBot1.vcxproj", "{5D76631A-4227-4B76-B760-FB223ADD32B6}"
EndProject
Project("{8BC9CEB8-8B4A-11D0-8D11-00A0C91BC942}") = "BotTest", "BotTest\BotTest.vcxproj", "{07B28A68-40CD-438E-9488-CBCBEC12CD7F}"
EndProject
Project("{8BC9CEB8-8B4A-11D0-8D11-00A0C91BC942}") = "MyBot", "MyBot\MyBot.vcxproj", "{8982768E-94A4-456D-8804-ED8E96672505}"
EndProject
Global
	GlobalSection(SolutionConfigurationPlatforms) = preSolution
		Debug|x64 = Debug|x64
		Debug|x86 = Debug|x86
		Release|x64 = Release|x64
		Release|x86 = Release|x86
	EndGlobalSection
	GlobalSection(ProjectConfigurationPlatforms) = postSolution
		{5D76631A-4227-4B76-B760-FB223ADD32B6}.Debug|x64.ActiveCfg = Debug|x64
		{5D76631A-4227-4B76-B760-FB223ADD32B6}.Debug|x64.Build.0 = Debug|x64
		{5D76631A-4227-4B76-B760-FB223ADD32B6}.Debug|x86.ActiveCfg = Debug|Win32
		{5D76631A-4227-4B76-B760-FB223ADD32B6}.Debug|x86.Build.0 = Debug|Win32
		{5D76631A-4227-4B76-B760-FB223ADD32B6}.Release|x64.ActiveCfg = Release|x64
		{5D76631A-4227-4B76-B760-FB223ADD32B6}.Release|x64.Build.0 = Release|x64
		{5D76631A-4227-4B76-B760-FB223ADD32B6}.Release|x86.ActiveCfg = Release|Win32
		{5D76631A-4227-4B76-B760-FB223ADD32B6}.Release|x86.Build.0 = Release|Win32
		{07B28A68-40CD-438E-9488-CBCBEC12CD7F}.Debug|x64.ActiveCfg = Debug|x64
		{07B28A68-40CD-438E-9488-CBCBEC12CD7F}.Debug|x64.Build.0 = Debug|x64
		{07B28A68-40CD-438E-9488-CBCBEC12CD7F}.Debug|x86.ActiveCfg = Debug|Win32
		{07B28A68-40CD-438E-9488-CBCBEC12CD7F}.Debug|x86.Build.0 = Debug|Win32
		{07B28A68-40CD-438E-9488-CBCBEC12CD7F}.Release|x64.ActiveCfg = Release|x64
		{07B28A68-40CD-438E-9488-CBCBEC12CD7F}.Release|x64.Build.0 = Release|x64
		{07B28A68-40CD-438E-9488-CBCBEC12CD7F}.Release|x86.ActiveCfg = Release|Win32
		{07B28A68-40CD-438E-9488-CBCBEC12CD7F}.Release|x86.Build.0 = Release|Win32
		{8982768E-94A4-456D-8804-ED8E96672505}.Debug|x64.ActiveCfg = Debug|x64
		{8982768E-94A4-456D-8804-ED8E96672505}.Debug|x64.Build.0 = Debug|x64
		{8982768E-94A4-456D-8804-ED8E96672505}.Debug|x86.ActiveCfg = Debug|Win32
		{8982768E-94A4-456D-8804-ED8E96672505}.Debug|x86.Build.0 = Debug|Win32
		{8982768E-94A4-456D-8804-ED8E96672505}.Release|x64.ActiveCfg = Release|x64
		{8982768E-94A4-456D-8804-ED8E96672505}.Release|x64.Build.0 = Release|x64
		{8982768E-94A4-456D-8804-ED8E96672505}.Release|x86.ActiveCfg = Release|Win32
		{8982768E-94A4-456D-8804-ED8E96672505}.Release|x86.Build.0 = Release|Win32
	EndGlobalSection
	GlobalSection(SolutionProperties) = preSolution
		HideSolutionNode = FALSE
	EndGlobalSection
	GlobalSection(ExtensibilityGlobals) = postSolution
		SolutionGuid = {7918EEEB-C0A3-4348-9AFF-F1578E6BC5A2}
	EndGlobalSection
EndGlobal
